
Microsoft Visual Studio Solution File, Format Version 12.00
# Visual Studio Version 17
VisualStudioVersion = 17.0.32014.148
MinimumVisualStudioVersion = 10.0.40219.1
Project("{FAE04EC0-301F-11D3-BF4B-00C04F79EFBC}") = "Lab-4", "Lab-4\Lab-4.csproj", "{DA288653-199B-4426-9991-C4982DC19EBC}"
EndProject
Global
	GlobalSection(SolutionConfigurationPlatforms) = preSolution
		Debug|Any CPU = Debug|Any CPU
		Release|Any CPU = Release|Any CPU
	EndGlobalSection
	GlobalSection(ProjectConfigurationPlatforms) = postSolution
		{DA288653-199B-4426-9991-C4982DC19EBC}.Debug|Any CPU.ActiveCfg = Debug|Any CPU
		{DA288653-199B-4426-9991-C4982DC19EBC}.Debug|Any CPU.Build.0 = Debug|Any CPU
		{DA288653-199B-4426-9991-C4982DC19EBC}.Release|Any CPU.ActiveCfg = Release|Any CPU
		{DA288653-199B-4426-9991-C4982DC19EBC}.Release|Any CPU.Build.0 = Release|Any CPU
	EndGlobalSection
	GlobalSection(SolutionProperties) = preSolution
		HideSolutionNode = FALSE
	EndGlobalSection
	GlobalSection(ExtensibilityGlobals) = postSolution
		SolutionGuid = {6DAB5A38-3469-4BB8-9EDD-FC7536621610}
	EndGlobalSection
EndGlobal
